
Microsoft Visual Studio Solution File, Format Version 12.00
# Visual Studio Version 17
VisualStudioVersion = 17.8.34601.278
MinimumVisualStudioVersion = 10.0.40219.1
Project("{9A19103F-16F7-4668-BE54-9A1E7A4F7556}") = "ModuleTracking", "ModuleTracking\ModuleTracking.csproj", "{4F2FB172-8570-4912-A27F-DA618ECBD731}"
EndProject
Project("{FAE04EC0-301F-11D3-BF4B-00C04F79EFBC}") = "ModuleTracking.Tests", "ModuleTracking.Tests\ModuleTracking.Tests.csproj", "{AE2C784C-7FAD-4BB7-A173-4161C69C2DC6}"
EndProject
Global
	GlobalSection(SolutionConfigurationPlatforms) = preSolution
		Debug|Any CPU = Debug|Any CPU
		Release|Any CPU = Release|Any CPU
	EndGlobalSection
	GlobalSection(ProjectConfigurationPlatforms) = postSolution
		{4F2FB172-8570-4912-A27F-DA618ECBD731}.Debug|Any CPU.ActiveCfg = Debug|Any CPU
		{4F2FB172-8570-4912-A27F-DA618ECBD731}.Debug|Any CPU.Build.0 = Debug|Any CPU
		{4F2FB172-8570-4912-A27F-DA618ECBD731}.Release|Any CPU.ActiveCfg = Release|Any CPU
		{4F2FB172-8570-4912-A27F-DA618ECBD731}.Release|Any CPU.Build.0 = Release|Any CPU
		{AE2C784C-7FAD-4BB7-A173-4161C69C2DC6}.Debug|Any CPU.ActiveCfg = Debug|Any CPU
		{AE2C784C-7FAD-4BB7-A173-4161C69C2DC6}.Debug|Any CPU.Build.0 = Debug|Any CPU
		{AE2C784C-7FAD-4BB7-A173-4161C69C2DC6}.Release|Any CPU.ActiveCfg = Release|Any CPU
		{AE2C784C-7FAD-4BB7-A173-4161C69C2DC6}.Release|Any CPU.Build.0 = Release|Any CPU
	EndGlobalSection
	GlobalSection(SolutionProperties) = preSolution
		HideSolutionNode = FALSE
	EndGlobalSection
	GlobalSection(ExtensibilityGlobals) = postSolution
		SolutionGuid = {6B867D1B-05E5-4DDF-8FAD-305CAA799F1F}
	EndGlobalSection
EndGlobal
